github.com/arjungandhi/go-utils v0.1.0 h1:jk9LQYpszbaZz5OtfhPM+RDIQaT2xXUOdFvIGK+h2Ik=
github.com/arjungandhi/go-utils v0.1.0/go.mod h1:mNVMMSMsJOaNFAq7YSPYUf1JFA5EI0ui5Q6v18x7TEo=
github.com/chzyer/logex v1.1.10 h1:Swpa1K6QvQznwJRcfTfQJmTE72DqScAa40E+fbHEXEE=
github.com/chzyer/logex v1.1.10/go.mod h1:+Ywpsq7O8HXn0nuIou7OrIPyXbp3wmkHB+jjWRnGsAI=
github.com/chzyer/readline v0.0.0-20180603132655-2972be24d48e h1:fY5BOSpyZCqRo5OhCuC+XN+r/bBCmeuuJtjz+bCNIf8=
github.com/chzyer/readline v0.0.0-20180603132655-2972be24d48e/go.mod h1:nSuG5e5PlCu98SY8svDHJxuZscDgtXS6KTTbou5AhLI=
github.com/chzyer/test v0.0.0-20180213035817-a1ea475d72b1 h1:q763qf9huN11kDQavWsoZXJNW3xEE4JJyHa5Q25/sd8=
github.com/chzyer/test v0.0.0-20180213035817-a1ea475d72b1/go.mod h1:Q3SI9o4m/ZMnBNeIyt5eFwwo7qiLfzFZmjNmxjkiQlU=
github.com/kr/pretty v0.1.0/go.mod h1:dAy3ld7l9f0ibDNOQOHHMYYIIbhfbHSm3C4ZsoJORNo=
github.com/kr/pty v1.1.1/go.mod h1:pFQYn66WHrOpPYNljwOMqo10TkYh1fy3cYio2l3bCsQ=
github.com/kr/text v0.1.0/go.mod h1:4Jbv+DJW3UT/LiOwJeYQe1efqtUx/iVham/4vfdArNI=
github.com/manifoldco/promptui v0.9.0 h1:3V4HzJk1TtXW1MTZMP7mdlwbBpIinw3HztaIlYthEiA=
github.com/manifoldco/promptui v0.9.0/go.mod h1:ka04sppxSGFAtxX0qhlYQjISsg9mR4GWtQEhdbn6Pgg=
github.com/pkg/diff v0.0.0-20210226163009-20ebb0f2a09e/go.mod h1:pJLUxLENpZxwdsKMEsNbx1VGcRFpLqf3715MtcvvzbA=
github.com/rogpeppe/go-internal v1.8.1 h1:geMPLpDpQOgVyCg5z5GoRwLHepNdb71NXb67XFkP+Eg=
github.com/rogpeppe/go-internal v1.8.1/go.mod h1:JeRgkft04UBgHMgCIwADu4Pn6Mtm5d4nPKWu0nJ5d+o=
github.com/rwxrob/bonzai v0.19.0 h1:+wM55L+/dQUPQdkZl5IYZwD1/YYLLUjNyVmL2hRaf3E=
github.com/rwxrob/bonzai v0.19.0/go.mod h1:zfWl+2FmPjhfkzkjr7RPqbkHXohEBvOYD3nc4c34ShU=
github.com/rwxrob/cmdtab v0.7.0/go.mod h1:TWGCTFAm9NlO9mR6aUB5dltAhcVK1FTiCzF7WLXwGgQ=
github.com/rwxrob/compcmd v0.3.0 h1:AlJNItb7+Yk17qmH5E7TJFyBXhna/rS3NeQAgjqbFls=
github.com/rwxrob/compcmd v0.3.0/go.mod h1:XOHl6bS2Uen6Wx2mxtbtUhT8Sbz1IhnaE55xPkhTBD4=
github.com/rwxrob/fn v0.3.3 h1:ymRQGWDhrrvoHKXLJ4WZlgI2qrC7gMOotowQMGvwmVQ=
github.com/rwxrob/fn v0.3.3/go.mod h1:omPqOqEB+dDna09z5pi5YFxq4IZqDvv3wFPUCES5LvY=
github.com/rwxrob/fs v0.5.2 h1:Ym5IYZZhKNna49K3epXzeyiwH4aT+rfXo8Zb4yLCVyY=
github.com/rwxrob/fs v0.5.2/go.mod h1:vO8AeluD7rnrO7zC54745xTEBFgHPUpHL0hbp1NnsVo=
github.com/rwxrob/help v0.5.2 h1:fQB2yVbH/6qnh28jNPjZD6E9JIv9oayK5jz62UjXeWo=
github.com/rwxrob/help v0.5.2/go.mod h1:bkcuxsT+UfE8agM8A5FBtEam5Wxc/mhZr8N9KafwzNg=
github.com/rwxrob/pegn v0.0.1 h1:4Z0Lj03LHRWyeUnfXohSr9Hap3mRRi1QtfEKdMGiSmE=
github.com/rwxrob/pegn v0.0.1/go.mod h1:TyD3XS8ddVucs2gwMr1VhB2HbHiruzj6Ub67RZGTfMA=
github.com/rwxrob/scan v0.9.0 h1:0FhHGrjmwRvRJWCW6I2BlOgEZKa4Af/R6t/2or8abAE=
github.com/rwxrob/scan v0.9.0/go.mod h1:sDIllL5+Ppk33AHkhhdrkPLP0EheWQPoNotKMhUfCIg=
github.com/rwxrob/structs v0.6.0 h1:t8JVd/Pee1OGaXgT6QYmGed470C9vOw6scdH8Cr5LPg=
github.com/rwxrob/structs v0.6.0/go.mod h1:txMfzPfEiIDNM5bwhzUqxr/1QQ3ekOuj3KLT8Nt1fA0=
github.com/rwxrob/term v0.2.8 h1:N9spr+owF8mRizSqPiATu5F0v2VJUIKwRldsibAUys8=
github.com/rwxrob/term v0.2.8/go.mod h1:UruWGJ5mrQH5v1XBg52s7ldZUBXxEODevbkoFUM4SrQ=
github.com/rwxrob/to v0.8.0 h1:SUhUppTxrRZQpPP5twHxuyj08ENZkM0PD8RL5DkCYWY=
github.com/rwxrob/to v0.8.0/go.mod h1:5z3Y1tyXRmPfa+be5hvnxYuLQ0NSBQsE6mIBVTqlYTA=
github.com/rwxrob/uniq-go v0.4.3 h1:T/f5zBGJa8ofTWiYs3F6G/nwgFYn8gNln+pmnL+d2xM=
github.com/rwxrob/uniq-go v0.4.3/go.mod h1:mNRvXNgVOdknzwYKINyPOgnMbb6YVv8HkNMnWovq35U=
github.com/rwxrob/vars v0.5.0 h1:QvJwPd6dRvbuuKICh9njQbLOe/8lGPSfbxaibj9hLsQ=
github.com/rwxrob/vars v0.5.0/go.mod h1:wIDc2cge3U6gHr/FRM+zKWIuczfRGTBGsGTvC5f/hHo=
golang.org/x/crypto v0.0.0-20220722155217-630584e8d5aa h1:zuSxTR4o9y82ebqCUJYNGJbGPo6sKVl54f/TVDObg1c=
golang.org/x/crypto v0.0.0-20220722155217-630584e8d5aa/go.mod h1:IxCIyHEi3zRg3s0A5j5BB6A9Jmi73HwBIUl50j+osU4=
golang.org/x/sys v0.0.0-20181122145206-62eef0e2fa9b/go.mod h1:STP8DvDyc/dI5b8T5hshtkjS+E42TnysNCUPdjciGhY=
golang.org/x/sys v0.0.0-20220811171246-fbc7d0a398ab h1:2QkjZIsXupsJbJIdSjjUOgWK3aEtzyuh2mPt3l/CkeU=
golang.org/x/sys v0.0.0-20220811171246-fbc7d0a398ab/go.mod h1:oPkhp1MJrh7nUepCBck5+mAzfO9JrbApNNgaTdGDITg=
golang.org/x/term v0.0.0-20220722155259-a9ba230a4035 h1:Q5284mrmYTpACcm+eAKjKJH48BBwSyfJqmmGDTtT8Vc=
golang.org/x/term v0.0.0-20220722155259-a9ba230a4035/go.mod h1:jbD1KX2456YbFQfuXm/mYQcufACuNUgVhRMnK/tPxf8=
gopkg.in/check.v1 v1.0.0-20180628173108-788fd7840127/go.mod h1:Co6ibVJAznAaIkqp8huTwlJQCZ016jof/cbN4VW5Yz0=
gopkg.in/errgo.v2 v2.1.0/go.mod h1:hNsd1EY+bozCKY1Ytp96fpM3vjJbqLJn88ws8XvfDNI=
